<?xml version="1.0" encoding="utf-8"?>
<Project ToolsVersion="4.0" xmlns="http://schemas.microsoft.com/developer/msbuild/2003">
  <ItemGroup>
    <ClCompile Include="source.cpp">
      <Filter>Sources</Filter>
    </ClCompile>
    <ClCompile Include="game_viewer.cpp">
      <Filter>Sources</Filter>
    </ClCompile>
  </ItemGroup>
  <ItemGroup>
    <Filter Include="Headers">
      <UniqueIdentifier>{500bf70d-5903-4a12-b477-048a8c879432}</UniqueIdentifier>
    </Filter>
    <Filter Include="Sources">
      <UniqueIdentifier>{35e02b65-7f04-4c8b-a476-cf94aa1d5878}</UniqueIdentifier>
    </Filter>
  </ItemGroup>
  <ItemGroup>
    <ClInclude Include="game_viewer.h">
      <Filter>Headers</Filter>
    </ClInclude>
  </ItemGroup>
</Project>